
Microsoft Visual Studio Solution File, Format Version 12.00
# Visual Studio 15
VisualStudioVersion = 15.0.27130.2027
MinimumVisualStudioVersion = 10.0.40219.1
Project("{FAE04EC0-301F-11D3-BF4B-00C04F79EFBC}") = "XfMvvmLnetStdNav.Android", "XfMvvmLnetStdNav\XfMvvmLnetStdNav.Android\XfMvvmLnetStdNav.Android.csproj", "{5F7585FA-8FC3-4A15-881E-D3BB95F253B6}"
EndProject
Project("{FAE04EC0-301F-11D3-BF4B-00C04F79EFBC}") = "XfMvvmLnetStdNav.iOS", "XfMvvmLnetStdNav\XfMvvmLnetStdNav.iOS\XfMvvmLnetStdNav.iOS.csproj", "{A209C130-2DEA-4CA2-A08D-0B14BAAB11BF}"
EndProject
Project("{FAE04EC0-301F-11D3-BF4B-00C04F79EFBC}") = "XfMvvmLnetStdNav.UWP", "XfMvvmLnetStdNav\XfMvvmLnetStdNav.UWP\XfMvvmLnetStdNav.UWP.csproj", "{880371B3-4394-43E7-B18B-4C74F32668BF}"
EndProject
Project("{FAE04EC0-301F-11D3-BF4B-00C04F79EFBC}") = "XfMvvmLnetStdNav", "XfMvvmLnetStdNav\XfMvvmLnetStdNav\XfMvvmLnetStdNav.csproj", "{94B55DBE-EF9F-4486-B430-7840F355EC7A}"
EndProject
Global
	GlobalSection(SolutionConfigurationPlatforms) = preSolution
		Ad-Hoc|Any CPU = Ad-Hoc|Any CPU
		Ad-Hoc|ARM = Ad-Hoc|ARM
		Ad-Hoc|iPhone = Ad-Hoc|iPhone
		Ad-Hoc|iPhoneSimulator = Ad-Hoc|iPhoneSimulator
		Ad-Hoc|x64 = Ad-Hoc|x64
		Ad-Hoc|x86 = Ad-Hoc|x86
		AppStore|Any CPU = AppStore|Any CPU
		AppStore|ARM = AppStore|ARM
		AppStore|iPhone = AppStore|iPhone
		AppStore|iPhoneSimulator = AppStore|iPhoneSimulator
		AppStore|x64 = AppStore|x64
		AppStore|x86 = AppStore|x86
		Debug|Any CPU = Debug|Any CPU
		Debug|ARM = Debug|ARM
		Debug|iPhone = Debug|iPhone
		Debug|iPhoneSimulator = Debug|iPhoneSimulator
		Debug|x64 = Debug|x64
		Debug|x86 = Debug|x86
		Release|Any CPU = Release|Any CPU
		Release|ARM = Release|ARM
		Release|iPhone = Release|iPhone
		Release|iPhoneSimulator = Release|iPhoneSimulator
		Release|x64 = Release|x64
		Release|x86 = Release|x86
	EndGlobalSection
	GlobalSection(ProjectConfigurationPlatforms) = postSolution
		{5F7585FA-8FC3-4A15-881E-D3BB95F253B6}.Ad-Hoc|Any CPU.ActiveCfg = Release|Any CPU
		{5F7585FA-8FC3-4A15-881E-D3BB95F253B6}.Ad-Hoc|Any CPU.Build.0 = Release|Any CPU
		{5F7585FA-8FC3-4A15-881E-D3BB95F253B6}.Ad-Hoc|Any CPU.Deploy.0 = Release|Any CPU
		{5F7585FA-8FC3-4A15-881E-D3BB95F253B6}.Ad-Hoc|ARM.ActiveCfg = Release|Any CPU
		{5F7585FA-8FC3-4A15-881E-D3BB95F253B6}.Ad-Hoc|ARM.Build.0 = Release|Any CPU
		{5F7585FA-8FC3-4A15-881E-D3BB95F253B6}.Ad-Hoc|ARM.Deploy.0 = Release|Any CPU
		{5F7585FA-8FC3-4A15-881E-D3BB95F253B6}.Ad-Hoc|iPhone.ActiveCfg = Release|Any CPU
		{5F7585FA-8FC3-4A15-881E-D3BB95F253B6}.Ad-Hoc|iPhone.Build.0 = Release|Any CPU
		{5F7585FA-8FC3-4A15-881E-D3BB95F253B6}.Ad-Hoc|iPhone.Deploy.0 = Release|Any CPU
		{5F7585FA-8FC3-4A15-881E-D3BB95F253B6}.Ad-Hoc|iPhoneSimulator.ActiveCfg = Release|Any CPU
		{5F7585FA-8FC3-4A15-881E-D3BB95F253B6}.Ad-Hoc|iPhoneSimulator.Build.0 = Release|Any CPU
		{5F7585FA-8FC3-4A15-881E-D3BB95F253B6}.Ad-Hoc|iPhoneSimulator.Deploy.0 = Release|Any CPU
		{5F7585FA-8FC3-4A15-881E-D3BB95F253B6}.Ad-Hoc|x64.ActiveCfg = Release|Any CPU
		{5F7585FA-8FC3-4A15-881E-D3BB95F253B6}.Ad-Hoc|x64.Build.0 = Release|Any CPU
		{5F7585FA-8FC3-4A15-881E-D3BB95F253B6}.Ad-Hoc|x64.Deploy.0 = Release|Any CPU
		{5F7585FA-8FC3-4A15-881E-D3BB95F253B6}.Ad-Hoc|x86.ActiveCfg = Release|Any CPU
		{5F7585FA-8FC3-4A15-881E-D3BB95F253B6}.Ad-Hoc|x86.Build.0 = Release|Any CPU
		{5F7585FA-8FC3-4A15-881E-D3BB95F253B6}.Ad-Hoc|x86.Deploy.0 = Release|Any CPU
		{5F7585FA-8FC3-4A15-881E-D3BB95F253B6}.AppStore|Any CPU.ActiveCfg = Release|Any CPU
		{5F7585FA-8FC3-4A15-881E-D3BB95F253B6}.AppStore|Any CPU.Build.0 = Release|Any CPU
		{5F7585FA-8FC3-4A15-881E-D3BB95F253B6}.AppStore|Any CPU.Deploy.0 = Release|Any CPU
		{5F7585FA-8FC3-4A15-881E-D3BB95F253B6}.AppStore|ARM.ActiveCfg = Release|Any CPU
		{5F7585FA-8FC3-4A15-881E-D3BB95F253B6}.AppStore|ARM.Build.0 = Release|Any CPU
		{5F7585FA-8FC3-4A15-881E-D3BB95F253B6}.AppStore|ARM.Deploy.0 = Release|Any CPU
		{5F7585FA-8FC3-4A15-881E-D3BB95F253B6}.AppStore|iPhone.ActiveCfg = Release|Any CPU
		{5F7585FA-8FC3-4A15-881E-D3BB95F253B6}.AppStore|iPhone.Build.0 = Release|Any CPU
		{5F7585FA-8FC3-4A15-881E-D3BB95F253B6}.AppStore|iPhone.Deploy.0 = Release|Any CPU
		{5F7585FA-8FC3-4A15-881E-D3BB95F253B6}.AppStore|iPhoneSimulator.ActiveCfg = Release|Any CPU
		{5F7585FA-8FC3-4A15-881E-D3BB95F253B6}.AppStore|iPhoneSimulator.Build.0 = Release|Any CPU
		{5F7585FA-8FC3-4A15-881E-D3BB95F253B6}.AppStore|iPhoneSimulator.Deploy.0 = Release|Any CPU
		{5F7585FA-8FC3-4A15-881E-D3BB95F253B6}.AppStore|x64.ActiveCfg = Release|Any CPU
		{5F7585FA-8FC3-4A15-881E-D3BB95F253B6}.AppStore|x64.Build.0 = Release|Any CPU
		{5F7585FA-8FC3-4A15-881E-D3BB95F253B6}.AppStore|x64.Deploy.0 = Release|Any CPU
		{5F7585FA-8FC3-4A15-881E-D3BB95F253B6}.AppStore|x86.ActiveCfg = Release|Any CPU
		{5F7585FA-8FC3-4A15-881E-D3BB95F253B6}.AppStore|x86.Build.0 = Release|Any CPU
		{5F7585FA-8FC3-4A15-881E-D3BB95F253B6}.AppStore|x86.Deploy.0 = Release|Any CPU
		{5F7585FA-8FC3-4A15-881E-D3BB95F253B6}.Debug|Any CPU.ActiveCfg = Debug|Any CPU
		{5F7585FA-8FC3-4A15-881E-D3BB95F253B6}.Debug|Any CPU.Build.0 = Debug|Any CPU
		{5F7585FA-8FC3-4A15-881E-D3BB95F253B6}.Debug|Any CPU.Deploy.0 = Debug|Any CPU
		{5F7585FA-8FC3-4A15-881E-D3BB95F253B6}.Debug|ARM.ActiveCfg = Debug|Any CPU
		{5F7585FA-8FC3-4A15-881E-D3BB95F253B6}.Debug|ARM.Build.0 = Debug|Any CPU
		{5F7585FA-8FC3-4A15-881E-D3BB95F253B6}.Debug|ARM.Deploy.0 = Debug|Any CPU
		{5F7585FA-8FC3-4A15-881E-D3BB95F253B6}.Debug|iPhone.ActiveCfg = Debug|Any CPU
		{5F7585FA-8FC3-4A15-881E-D3BB95F253B6}.Debug|iPhone.Build.0 = Debug|Any CPU
		{5F7585FA-8FC3-4A15-881E-D3BB95F253B6}.Debug|iPhone.Deploy.0 = Debug|Any CPU
		{5F7585FA-8FC3-4A15-881E-D3BB95F253B6}.Debug|iPhoneSimulator.ActiveCfg = Debug|Any CPU
		{5F7585FA-8FC3-4A15-881E-D3BB95F253B6}.Debug|iPhoneSimulator.Build.0 = Debug|Any CPU
		{5F7585FA-8FC3-4A15-881E-D3BB95F253B6}.Debug|iPhoneSimulator.Deploy.0 = Debug|Any CPU
		{5F7585FA-8FC3-4A15-881E-D3BB95F253B6}.Debug|x64.ActiveCfg = Debug|Any CPU
		{5F7585FA-8FC3-4A15-881E-D3BB95F253B6}.Debug|x64.Build.0 = Debug|Any CPU
		{5F7585FA-8FC3-4A15-881E-D3BB95F253B6}.Debug|x64.Deploy.0 = Debug|Any CPU
		{5F7585FA-8FC3-4A15-881E-D3BB95F253B6}.Debug|x86.ActiveCfg = Debug|Any CPU
		{5F7585FA-8FC3-4A15-881E-D3BB95F253B6}.Debug|x86.Build.0 = Debug|Any CPU
		{5F7585FA-8FC3-4A15-881E-D3BB95F253B6}.Debug|x86.Deploy.0 = Debug|Any CPU
		{5F7585FA-8FC3-4A15-881E-D3BB95F253B6}.Release|Any CPU.ActiveCfg = Release|Any CPU
		{5F7585FA-8FC3-4A15-881E-D3BB95F253B6}.Release|Any CPU.Build.0 = Release|Any CPU
		{5F7585FA-8FC3-4A15-881E-D3BB95F253B6}.Release|Any CPU.Deploy.0 = Release|Any CPU
		{5F7585FA-8FC3-4A15-881E-D3BB95F253B6}.Release|ARM.ActiveCfg = Release|Any CPU
		{5F7585FA-8FC3-4A15-881E-D3BB95F253B6}.Release|ARM.Build.0 = Release|Any CPU
		{5F7585FA-8FC3-4A15-881E-D3BB95F253B6}.Release|ARM.Deploy.0 = Release|Any CPU
		{5F7585FA-8FC3-4A15-881E-D3BB95F253B6}.Release|iPhone.ActiveCfg = Release|Any CPU
		{5F7585FA-8FC3-4A15-881E-D3BB95F253B6}.Release|iPhone.Build.0 = Release|Any CPU
		{5F7585FA-8FC3-4A15-881E-D3BB95F253B6}.Release|iPhone.Deploy.0 = Release|Any CPU
		{5F7585FA-8FC3-4A15-881E-D3BB95F253B6}.Release|iPhoneSimulator.ActiveCfg = Release|Any CPU
		{5F7585FA-8FC3-4A15-881E-D3BB95F253B6}.Release|iPhoneSimulator.Build.0 = Release|Any CPU
		{5F7585FA-8FC3-4A15-881E-D3BB95F253B6}.Release|iPhoneSimulator.Deploy.0 = Release|Any CPU
		{5F7585FA-8FC3-4A15-881E-D3BB95F253B6}.Release|x64.ActiveCfg = Release|Any CPU
		{5F7585FA-8FC3-4A15-881E-D3BB95F253B6}.Release|x64.Build.0 = Release|Any CPU
		{5F7585FA-8FC3-4A15-881E-D3BB95F253B6}.Release|x64.Deploy.0 = Release|Any CPU
		{5F7585FA-8FC3-4A15-881E-D3BB95F253B6}.Release|x86.ActiveCfg = Release|Any CPU
		{5F7585FA-8FC3-4A15-881E-D3BB95F253B6}.Release|x86.Build.0 = Release|Any CPU
		{5F7585FA-8FC3-4A15-881E-D3BB95F253B6}.Release|x86.Deploy.0 = Release|Any CPU
		{A209C130-2DEA-4CA2-A08D-0B14BAAB11BF}.Ad-Hoc|Any CPU.ActiveCfg = Ad-Hoc|iPhone
		{A209C130-2DEA-4CA2-A08D-0B14BAAB11BF}.Ad-Hoc|ARM.ActiveCfg = Ad-Hoc|iPhone
		{A209C130-2DEA-4CA2-A08D-0B14BAAB11BF}.Ad-Hoc|iPhone.ActiveCfg = Ad-Hoc|iPhone
		{A209C130-2DEA-4CA2-A08D-0B14BAAB11BF}.Ad-Hoc|iPhone.Build.0 = Ad-Hoc|iPhone
		{A209C130-2DEA-4CA2-A08D-0B14BAAB11BF}.Ad-Hoc|iPhoneSimulator.ActiveCfg = Ad-Hoc|iPhoneSimulator
		{A209C130-2DEA-4CA2-A08D-0B14BAAB11BF}.Ad-Hoc|iPhoneSimulator.Build.0 = Ad-Hoc|iPhoneSimulator
		{A209C130-2DEA-4CA2-A08D-0B14BAAB11BF}.Ad-Hoc|x64.ActiveCfg = Ad-Hoc|iPhone
		{A209C130-2DEA-4CA2-A08D-0B14BAAB11BF}.Ad-Hoc|x86.ActiveCfg = Ad-Hoc|iPhone
		{A209C130-2DEA-4CA2-A08D-0B14BAAB11BF}.AppStore|Any CPU.ActiveCfg = AppStore|iPhone
		{A209C130-2DEA-4CA2-A08D-0B14BAAB11BF}.AppStore|ARM.ActiveCfg = AppStore|iPhone
		{A209C130-2DEA-4CA2-A08D-0B14BAAB11BF}.AppStore|iPhone.ActiveCfg = AppStore|iPhone
		{A209C130-2DEA-4CA2-A08D-0B14BAAB11BF}.AppStore|iPhone.Build.0 = AppStore|iPhone
		{A209C130-2DEA-4CA2-A08D-0B14BAAB11BF}.AppStore|iPhoneSimulator.ActiveCfg = AppStore|iPhoneSimulator
		{A209C130-2DEA-4CA2-A08D-0B14BAAB11BF}.AppStore|iPhoneSimulator.Build.0 = AppStore|iPhoneSimulator
		{A209C130-2DEA-4CA2-A08D-0B14BAAB11BF}.AppStore|x64.ActiveCfg = AppStore|iPhone
		{A209C130-2DEA-4CA2-A08D-0B14BAAB11BF}.AppStore|x86.ActiveCfg = AppStore|iPhone
		{A209C130-2DEA-4CA2-A08D-0B14BAAB11BF}.Debug|Any CPU.ActiveCfg = Debug|iPhone
		{A209C130-2DEA-4CA2-A08D-0B14BAAB11BF}.Debug|ARM.ActiveCfg = Debug|iPhone
		{A209C130-2DEA-4CA2-A08D-0B14BAAB11BF}.Debug|iPhone.ActiveCfg = Debug|iPhone
		{A209C130-2DEA-4CA2-A08D-0B14BAAB11BF}.Debug|iPhone.Build.0 = Debug|iPhone
		{A209C130-2DEA-4CA2-A08D-0B14BAAB11BF}.Debug|iPhoneSimulator.ActiveCfg = Debug|iPhoneSimulator
		{A209C130-2DEA-4CA2-A08D-0B14BAAB11BF}.Debug|iPhoneSimulator.Build.0 = Debug|iPhoneSimulator
		{A209C130-2DEA-4CA2-A08D-0B14BAAB11BF}.Debug|x64.ActiveCfg = Debug|iPhone
		{A209C130-2DEA-4CA2-A08D-0B14BAAB11BF}.Debug|x86.ActiveCfg = Debug|iPhone
		{A209C130-2DEA-4CA2-A08D-0B14BAAB11BF}.Release|Any CPU.ActiveCfg = Release|iPhone
		{A209C130-2DEA-4CA2-A08D-0B14BAAB11BF}.Release|ARM.ActiveCfg = Release|iPhone
		{A209C130-2DEA-4CA2-A08D-0B14BAAB11BF}.Release|iPhone.ActiveCfg = Release|iPhone
		{A209C130-2DEA-4CA2-A08D-0B14BAAB11BF}.Release|iPhone.Build.0 = Release|iPhone
		{A209C130-2DEA-4CA2-A08D-0B14BAAB11BF}.Release|iPhoneSimulator.ActiveCfg = Release|iPhoneSimulator
		{A209C130-2DEA-4CA2-A08D-0B14BAAB11BF}.Release|iPhoneSimulator.Build.0 = Release|iPhoneSimulator
		{A209C130-2DEA-4CA2-A08D-0B14BAAB11BF}.Release|x64.ActiveCfg = Release|iPhone
		{A209C130-2DEA-4CA2-A08D-0B14BAAB11BF}.Release|x86.ActiveCfg = Release|iPhone
		{880371B3-4394-43E7-B18B-4C74F32668BF}.Ad-Hoc|Any CPU.ActiveCfg = Release|x86
		{880371B3-4394-43E7-B18B-4C74F32668BF}.Ad-Hoc|Any CPU.Build.0 = Release|x86
		{880371B3-4394-43E7-B18B-4C74F32668BF}.Ad-Hoc|Any CPU.Deploy.0 = Release|x86
		{880371B3-4394-43E7-B18B-4C74F32668BF}.Ad-Hoc|ARM.ActiveCfg = Release|ARM
		{880371B3-4394-43E7-B18B-4C74F32668BF}.Ad-Hoc|ARM.Build.0 = Release|ARM
		{880371B3-4394-43E7-B18B-4C74F32668BF}.Ad-Hoc|ARM.Deploy.0 = Release|ARM
		{880371B3-4394-43E7-B18B-4C74F32668BF}.Ad-Hoc|iPhone.ActiveCfg = Release|x86
		{880371B3-4394-43E7-B18B-4C74F32668BF}.Ad-Hoc|iPhone.Build.0 = Release|x86
		{880371B3-4394-43E7-B18B-4C74F32668BF}.Ad-Hoc|iPhone.Deploy.0 = Release|x86
		{880371B3-4394-43E7-B18B-4C74F32668BF}.Ad-Hoc|iPhoneSimulator.ActiveCfg = Release|x86
		{880371B3-4394-43E7-B18B-4C74F32668BF}.Ad-Hoc|iPhoneSimulator.Build.0 = Release|x86
		{880371B3-4394-43E7-B18B-4C74F32668BF}.Ad-Hoc|iPhoneSimulator.Deploy.0 = Release|x86
		{880371B3-4394-43E7-B18B-4C74F32668BF}.Ad-Hoc|x64.ActiveCfg = Release|x64
		{880371B3-4394-43E7-B18B-4C74F32668BF}.Ad-Hoc|x64.Build.0 = Release|x64
		{880371B3-4394-43E7-B18B-4C74F32668BF}.Ad-Hoc|x64.Deploy.0 = Release|x64
		{880371B3-4394-43E7-B18B-4C74F32668BF}.Ad-Hoc|x86.ActiveCfg = Release|x86
		{880371B3-4394-43E7-B18B-4C74F32668BF}.Ad-Hoc|x86.Build.0 = Release|x86
		{880371B3-4394-43E7-B18B-4C74F32668BF}.Ad-Hoc|x86.Deploy.0 = Release|x86
		{880371B3-4394-43E7-B18B-4C74F32668BF}.AppStore|Any CPU.ActiveCfg = Release|x86
		{880371B3-4394-43E7-B18B-4C74F32668BF}.AppStore|Any CPU.Build.0 = Release|x86
		{880371B3-4394-43E7-B18B-4C74F32668BF}.AppStore|Any CPU.Deploy.0 = Release|x86
		{880371B3-4394-43E7-B18B-4C74F32668BF}.AppStore|ARM.ActiveCfg = Release|ARM
		{880371B3-4394-43E7-B18B-4C74F32668BF}.AppStore|ARM.Build.0 = Release|ARM
		{880371B3-4394-43E7-B18B-4C74F32668BF}.AppStore|ARM.Deploy.0 = Release|ARM
		{880371B3-4394-43E7-B18B-4C74F32668BF}.AppStore|iPhone.ActiveCfg = Release|x86
		{880371B3-4394-43E7-B18B-4C74F32668BF}.AppStore|iPhone.Build.0 = Release|x86
		{880371B3-4394-43E7-B18B-4C74F32668BF}.AppStore|iPhone.Deploy.0 = Release|x86
		{880371B3-4394-43E7-B18B-4C74F32668BF}.AppStore|iPhoneSimulator.ActiveCfg = Release|x86
		{880371B3-4394-43E7-B18B-4C74F32668BF}.AppStore|iPhoneSimulator.Build.0 = Release|x86
		{880371B3-4394-43E7-B18B-4C74F32668BF}.AppStore|iPhoneSimulator.Deploy.0 = Release|x86
		{880371B3-4394-43E7-B18B-4C74F32668BF}.AppStore|x64.ActiveCfg = Release|x64
		{880371B3-4394-43E7-B18B-4C74F32668BF}.AppStore|x64.Build.0 = Release|x64
		{880371B3-4394-43E7-B18B-4C74F32668BF}.AppStore|x64.Deploy.0 = Release|x64
		{880371B3-4394-43E7-B18B-4C74F32668BF}.AppStore|x86.ActiveCfg = Release|x86
		{880371B3-4394-43E7-B18B-4C74F32668BF}.AppStore|x86.Build.0 = Release|x86
		{880371B3-4394-43E7-B18B-4C74F32668BF}.AppStore|x86.Deploy.0 = Release|x86
		{880371B3-4394-43E7-B18B-4C74F32668BF}.Debug|Any CPU.ActiveCfg = Debug|x86
		{880371B3-4394-43E7-B18B-4C74F32668BF}.Debug|ARM.ActiveCfg = Debug|ARM
		{880371B3-4394-43E7-B18B-4C74F32668BF}.Debug|ARM.Build.0 = Debug|ARM
		{880371B3-4394-43E7-B18B-4C74F32668BF}.Debug|ARM.Deploy.0 = Debug|ARM
		{880371B3-4394-43E7-B18B-4C74F32668BF}.Debug|iPhone.ActiveCfg = Debug|x86
		{880371B3-4394-43E7-B18B-4C74F32668BF}.Debug|iPhoneSimulator.ActiveCfg = Debug|x86
		{880371B3-4394-43E7-B18B-4C74F32668BF}.Debug|x64.ActiveCfg = Debug|x64
		{880371B3-4394-43E7-B18B-4C74F32668BF}.Debug|x64.Build.0 = Debug|x64
		{880371B3-4394-43E7-B18B-4C74F32668BF}.Debug|x64.Deploy.0 = Debug|x64
		{880371B3-4394-43E7-B18B-4C74F32668BF}.Debug|x86.ActiveCfg = Debug|x86
		{880371B3-4394-43E7-B18B-4C74F32668BF}.Debug|x86.Build.0 = Debug|x86
		{880371B3-4394-43E7-B18B-4C74F32668BF}.Debug|x86.Deploy.0 = Debug|x86
		{880371B3-4394-43E7-B18B-4C74F32668BF}.Release|Any CPU.ActiveCfg = Release|x86
		{880371B3-4394-43E7-B18B-4C74F32668BF}.Release|ARM.ActiveCfg = Release|ARM
		{880371B3-4394-43E7-B18B-4C74F32668BF}.Release|ARM.Build.0 = Release|ARM
		{880371B3-4394-43E7-B18B-4C74F32668BF}.Release|ARM.Deploy.0 = Release|ARM
		{880371B3-4394-43E7-B18B-4C74F32668BF}.Release|iPhone.ActiveCfg = Release|x86
		{880371B3-4394-43E7-B18B-4C74F32668BF}.Release|iPhoneSimulator.ActiveCfg = Release|x86
		{880371B3-4394-43E7-B18B-4C74F32668BF}.Release|x64.ActiveCfg = Release|x64
		{880371B3-4394-43E7-B18B-4C74F32668BF}.Release|x64.Build.0 = Release|x64
		{880371B3-4394-43E7-B18B-4C74F32668BF}.Release|x64.Deploy.0 = Release|x64
		{880371B3-4394-43E7-B18B-4C74F32668BF}.Release|x86.ActiveCfg = Release|x86
		{880371B3-4394-43E7-B18B-4C74F32668BF}.Release|x86.Build.0 = Release|x86
		{880371B3-4394-43E7-B18B-4C74F32668BF}.Release|x86.Deploy.0 = Release|x86
		{94B55DBE-EF9F-4486-B430-7840F355EC7A}.Ad-Hoc|Any CPU.ActiveCfg = Debug|Any CPU
		{94B55DBE-EF9F-4486-B430-7840F355EC7A}.Ad-Hoc|Any CPU.Build.0 = Debug|Any CPU
		{94B55DBE-EF9F-4486-B430-7840F355EC7A}.Ad-Hoc|ARM.ActiveCfg = Debug|Any CPU
		{94B55DBE-EF9F-4486-B430-7840F355EC7A}.Ad-Hoc|ARM.Build.0 = Debug|Any CPU
		{94B55DBE-EF9F-4486-B430-7840F355EC7A}.Ad-Hoc|iPhone.ActiveCfg = Debug|Any CPU
		{94B55DBE-EF9F-4486-B430-7840F355EC7A}.Ad-Hoc|iPhone.Build.0 = Debug|Any CPU
		{94B55DBE-EF9F-4486-B430-7840F355EC7A}.Ad-Hoc|iPhoneSimulator.ActiveCfg = Debug|Any CPU
		{94B55DBE-EF9F-4486-B430-7840F355EC7A}.Ad-Hoc|iPhoneSimulator.Build.0 = Debug|Any CPU
		{94B55DBE-EF9F-4486-B430-7840F355EC7A}.Ad-Hoc|x64.ActiveCfg = Debug|Any CPU
		{94B55DBE-EF9F-4486-B430-7840F355EC7A}.Ad-Hoc|x64.Build.0 = Debug|Any CPU
		{94B55DBE-EF9F-4486-B430-7840F355EC7A}.Ad-Hoc|x86.ActiveCfg = Debug|Any CPU
		{94B55DBE-EF9F-4486-B430-7840F355EC7A}.Ad-Hoc|x86.Build.0 = Debug|Any CPU
		{94B55DBE-EF9F-4486-B430-7840F355EC7A}.AppStore|Any CPU.ActiveCfg = Debug|Any CPU
		{94B55DBE-EF9F-4486-B430-7840F355EC7A}.AppStore|Any CPU.Build.0 = Debug|Any CPU
		{94B55DBE-EF9F-4486-B430-7840F355EC7A}.AppStore|ARM.ActiveCfg = Debug|Any CPU
		{94B55DBE-EF9F-4486-B430-7840F355EC7A}.AppStore|ARM.Build.0 = Debug|Any CPU
		{94B55DBE-EF9F-4486-B430-7840F355EC7A}.AppStore|iPhone.ActiveCfg = Debug|Any CPU
		{94B55DBE-EF9F-4486-B430-7840F355EC7A}.AppStore|iPhone.Build.0 = Debug|Any CPU
		{94B55DBE-EF9F-4486-B430-7840F355EC7A}.AppStore|iPhoneSimulator.ActiveCfg = Debug|Any CPU
		{94B55DBE-EF9F-4486-B430-7840F355EC7A}.AppStore|iPhoneSimulator.Build.0 = Debug|Any CPU
		{94B55DBE-EF9F-4486-B430-7840F355EC7A}.AppStore|x64.ActiveCfg = Debug|Any CPU
		{94B55DBE-EF9F-4486-B430-7840F355EC7A}.AppStore|x64.Build.0 = Debug|Any CPU
		{94B55DBE-EF9F-4486-B430-7840F355EC7A}.AppStore|x86.ActiveCfg = Debug|Any CPU
		{94B55DBE-EF9F-4486-B430-7840F355EC7A}.AppStore|x86.Build.0 = Debug|Any CPU
		{94B55DBE-EF9F-4486-B430-7840F355EC7A}.Debug|Any CPU.ActiveCfg = Debug|Any CPU
		{94B55DBE-EF9F-4486-B430-7840F355EC7A}.Debug|Any CPU.Build.0 = Debug|Any CPU
		{94B55DBE-EF9F-4486-B430-7840F355EC7A}.Debug|ARM.ActiveCfg = Debug|Any CPU
		{94B55DBE-EF9F-4486-B430-7840F355EC7A}.Debug|ARM.Build.0 = Debug|Any CPU
		{94B55DBE-EF9F-4486-B430-7840F355EC7A}.Debug|iPhone.ActiveCfg = Debug|Any CPU
		{94B55DBE-EF9F-4486-B430-7840F355EC7A}.Debug|iPhone.Build.0 = Debug|Any CPU
		{94B55DBE-EF9F-4486-B430-7840F355EC7A}.Debug|iPhoneSimulator.ActiveCfg = Debug|Any CPU
		{94B55DBE-EF9F-4486-B430-7840F355EC7A}.Debug|iPhoneSimulator.Build.0 = Debug|Any CPU
		{94B55DBE-EF9F-4486-B430-7840F355EC7A}.Debug|x64.ActiveCfg = Debug|Any CPU
		{94B55DBE-EF9F-4486-B430-7840F355EC7A}.Debug|x64.Build.0 = Debug|Any CPU
		{94B55DBE-EF9F-4486-B430-7840F355EC7A}.Debug|x86.ActiveCfg = Debug|Any CPU
		{94B55DBE-EF9F-4486-B430-7840F355EC7A}.Debug|x86.Build.0 = Debug|Any CPU
		{94B55DBE-EF9F-4486-B430-7840F355EC7A}.Release|Any CPU.ActiveCfg = Release|Any CPU
		{94B55DBE-EF9F-4486-B430-7840F355EC7A}.Release|Any CPU.Build.0 = Release|Any CPU
		{94B55DBE-EF9F-4486-B430-7840F355EC7A}.Release|ARM.ActiveCfg = Release|Any CPU
		{94B55DBE-EF9F-4486-B430-7840F355EC7A}.Release|ARM.Build.0 = Release|Any CPU
		{94B55DBE-EF9F-4486-B430-7840F355EC7A}.Release|iPhone.ActiveCfg = Release|Any CPU
		{94B55DBE-EF9F-4486-B430-7840F355EC7A}.Release|iPhone.Build.0 = Release|Any CPU
		{94B55DBE-EF9F-4486-B430-7840F355EC7A}.Release|iPhoneSimulator.ActiveCfg = Release|Any CPU
		{94B55DBE-EF9F-4486-B430-7840F355EC7A}.Release|iPhoneSimulator.Build.0 = Release|Any CPU
		{94B55DBE-EF9F-4486-B430-7840F355EC7A}.Release|x64.ActiveCfg = Release|Any CPU
		{94B55DBE-EF9F-4486-B430-7840F355EC7A}.Release|x64.Build.0 = Release|Any CPU
		{94B55DBE-EF9F-4486-B430-7840F355EC7A}.Release|x86.ActiveCfg = Release|Any CPU
		{94B55DBE-EF9F-4486-B430-7840F355EC7A}.Release|x86.Build.0 = Release|Any CPU
	EndGlobalSection
	GlobalSection(SolutionProperties) = preSolution
		HideSolutionNode = FALSE
	EndGlobalSection
	GlobalSection(ExtensibilityGlobals) = postSolution
		SolutionGuid = {43075F0B-8B00-4E04-BBEB-3491B8817F35}
	EndGlobalSection
EndGlobal
